
Microsoft Visual Studio Solution File, Format Version 12.00
# Visual Studio Version 16
VisualStudioVersion = 16.0.31424.327
MinimumVisualStudioVersion = 10.0.40219.1
Project("{FAE04EC0-301F-11D3-BF4B-00C04F79EFBC}") = "track-expense.api", "track-expense.api.csproj", "{585D4968-E6BF-4ED0-BF4D-6248994760AD}"
EndProject
Global
	GlobalSection(SolutionConfigurationPlatforms) = preSolution
		Debug|Any CPU = Debug|Any CPU
		Release|Any CPU = Release|Any CPU
	EndGlobalSection
	GlobalSection(ProjectConfigurationPlatforms) = postSolution
		{585D4968-E6BF-4ED0-BF4D-6248994760AD}.Debug|Any CPU.ActiveCfg = Debug|Any CPU
		{585D4968-E6BF-4ED0-BF4D-6248994760AD}.Debug|Any CPU.Build.0 = Debug|Any CPU
		{585D4968-E6BF-4ED0-BF4D-6248994760AD}.Release|Any CPU.ActiveCfg = Release|Any CPU
		{585D4968-E6BF-4ED0-BF4D-6248994760AD}.Release|Any CPU.Build.0 = Release|Any CPU
	EndGlobalSection
	GlobalSection(SolutionProperties) = preSolution
		HideSolutionNode = FALSE
	EndGlobalSection
	GlobalSection(ExtensibilityGlobals) = postSolution
		SolutionGuid = {429DC7DF-E2C9-4FFC-9B39-EEDBF7970CCE}
	EndGlobalSection
EndGlobal
